{
  "name": "sentence-tools",
  "version": "1.0.0",
  "lockfileVersion": 3,
  "requires": true,
  "packages": {
    "": {
      "name": "sentence-tools",
      "version": "1.0.0",
      "dependencies": {
        "mysql2": "*"
      }
    },
    "node_modules/mysql2": {
      "version": "3.9.7",
      "resolved": "https://registry.npmjs.org/mysql2/-/mysql2-3.9.7.tgz",
      "integrity": "sha512-KnJT8vYRcNAZv73uf9zpXqNbvBG7DJrs+1nACsjZP1HMJ1TgXEy8wnNilXAn/5i57JizXKtrUt6+9AWs9r1nBQ=="
    }
  }
}
